
Microsoft Visual Studio Solution File, Format Version 12.00
Project("{FAE04EC0-301F-11D3-BF4B-00C04F79EFBC}") = "LeetCodeSolutions", "LeetCodeSolutions.csproj", "{EB72595B-E332-46F5-8EDF-903ADB9EF589}"
EndProject
Global
	GlobalSection(SolutionConfigurationPlatforms) = preSolution
		Debug|Any CPU = Debug|Any CPU
		Release|Any CPU = Release|Any CPU
	EndGlobalSection
	GlobalSection(ProjectConfigurationPlatforms) = postSolution
		{EB72595B-E332-46F5-8EDF-903ADB9EF589}.Debug|Any CPU.ActiveCfg = Debug|Any CPU
		{EB72595B-E332-46F5-8EDF-903ADB9EF589}.Debug|Any CPU.Build.0 = Debug|Any CPU
		{EB72595B-E332-46F5-8EDF-903ADB9EF589}.Release|Any CPU.ActiveCfg = Release|Any CPU
		{EB72595B-E332-46F5-8EDF-903ADB9EF589}.Release|Any CPU.Build.0 = Release|Any CPU
	EndGlobalSection
EndGlobal
